// !$*UTF8*$!
{
	archiveVersion = 1;
	classes = {
	};
	objectVersion = 56;
	objects = {

/* Begin PBXBuildFile section */
		31DF94DF2AD191ABD3DCECF3 /* Pods_CiCdTesting.framework in Frameworks */ = {isa = PBXBuildFile; fileRef = 29F5ECE9B5613BF9C0D89D80 /* Pods_CiCdTesting.framework */; };
		9ACEAA1FAB94305F37B98B07 /* Pods_CiCdTesting_CiCdTestingUITests.framework in Frameworks */ = {isa = PBXBuildFile; fileRef = E5021343D43F97751E59CCD9 /* Pods_CiCdTesting_CiCdTestingUITests.framework */; };
		D5CF3B082D1041720089E35E /* CiCdTestingApp.swift in Sources */ = {isa = PBXBuildFile; fileRef = D5CF3B072D1041720089E35E /* CiCdTestingApp.swift */; };
		D5CF3B0A2D1041720089E35E /* ContentView.swift in Sources */ = {isa = PBXBuildFile; fileRef = D5CF3B092D1041720089E35E /* ContentView.swift */; };
		D5CF3B0C2D1041730089E35E /* Assets.xcassets in Resources */ = {isa = PBXBuildFile; fileRef = D5CF3B0B2D1041730089E35E /* Assets.xcassets */; };
		D5CF3B0F2D1041730089E35E /* Preview Assets.xcassets in Resources */ = {isa = PBXBuildFile; fileRef = D5CF3B0E2D1041730089E35E /* Preview Assets.xcassets */; };
		D5CF3B192D1041730089E35E /* CiCdTestingTests.swift in Sources */ = {isa = PBXBuildFile; fileRef = D5CF3B182D1041730089E35E /* CiCdTestingTests.swift */; };
		D5CF3B232D1041730089E35E /* CiCdTestingUITests.swift in Sources */ = {isa = PBXBuildFile; fileRef = D5CF3B222D1041730089E35E /* CiCdTestingUITests.swift */; };
		D5CF3B252D1041730089E35E /* CiCdTestingUITestsLaunchTests.swift in Sources */ = {isa = PBXBuildFile; fileRef = D5CF3B242D1041730089E35E /* CiCdTestingUITestsLaunchTests.swift */; };
		D5CF3B332D1042370089E35E /* Dev.xcconfig in Resources */ = {isa = PBXBuildFile; fileRef = D5CF3B322D1042370089E35E /* Dev.xcconfig */; };
		D5CF3B342D1042370089E35E /* Dev.xcconfig in Resources */ = {isa = PBXBuildFile; fileRef = D5CF3B322D1042370089E35E /* Dev.xcconfig */; };
		D5CF3B352D1042370089E35E /* Dev.xcconfig in Resources */ = {isa = PBXBuildFile; fileRef = D5CF3B322D1042370089E35E /* Dev.xcconfig */; };
		D5CF3B382D1042610089E35E /* Prod.xcconfig in Resources */ = {isa = PBXBuildFile; fileRef = D5CF3B372D1042610089E35E /* Prod.xcconfig */; };
		D5CF3B392D1042610089E35E /* Prod.xcconfig in Resources */ = {isa = PBXBuildFile; fileRef = D5CF3B372D1042610089E35E /* Prod.xcconfig */; };
		D5CF3B3A2D1042610089E35E /* Prod.xcconfig in Resources */ = {isa = PBXBuildFile; fileRef = D5CF3B372D1042610089E35E /* Prod.xcconfig */; };
		D5CF3B3B2D10426F0089E35E /* Staging.xcconfig in Resources */ = {isa = PBXBuildFile; fileRef = D5CF3B362D10424D0089E35E /* Staging.xcconfig */; };
		D5CF3B3C2D1042700089E35E /* Staging.xcconfig in Resources */ = {isa = PBXBuildFile; fileRef = D5CF3B362D10424D0089E35E /* Staging.xcconfig */; };
		D5CF3B3D2D1042700089E35E /* Staging.xcconfig in Resources */ = {isa = PBXBuildFile; fileRef = D5CF3B362D10424D0089E35E /* Staging.xcconfig */; };
		D5CF3B3F2D1042A90089E35E /* exportOptions.plist in Resources */ = {isa = PBXBuildFile; fileRef = D5CF3B3E2D1042A90089E35E /* exportOptions.plist */; };
		D5CF3B402D1042A90089E35E /* exportOptions.plist in Resources */ = {isa = PBXBuildFile; fileRef = D5CF3B3E2D1042A90089E35E /* exportOptions.plist */; };
		D5CF3B412D1042A90089E35E /* exportOptions.plist in Resources */ = {isa = PBXBuildFile; fileRef = D5CF3B3E2D1042A90089E35E /* exportOptions.plist */; };
		D750EFD384A94410D207FC49 /* Pods_CiCdTestingTests.framework in Frameworks */ = {isa = PBXBuildFile; fileRef = 93B11094C0E987B2E741B6D1 /* Pods_CiCdTestingTests.framework */; };
/* End PBXBuildFile section */

/* Begin PBXContainerItemProxy section */
		D5CF3B152D1041730089E35E /* PBXContainerItemProxy */ = {
			isa = PBXContainerItemProxy;
			containerPortal = D5CF3AFC2D1041720089E35E /* Project object */;
			proxyType = 1;
			remoteGlobalIDString = D5CF3B032D1041720089E35E;
			remoteInfo = CiCdTesting;
		};
		D5CF3B1F2D1041730089E35E /* PBXContainerItemProxy */ = {
			isa = PBXContainerItemProxy;
			containerPortal = D5CF3AFC2D1041720089E35E /* Project object */;
			proxyType = 1;
			remoteGlobalIDString = D5CF3B032D1041720089E35E;
			remoteInfo = CiCdTesting;
		};
/* End PBXContainerItemProxy section */

/* Begin PBXFileReference section */
		29F5ECE9B5613BF9C0D89D80 /* Pods_CiCdTesting.framework */ = {isa = PBXFileReference; explicitFileType = wrapper.framework; includeInIndex = 0; path = Pods_CiCdTesting.framework; sourceTree = BUILT_PRODUCTS_DIR; };
		2D79290B873F3DE7F5F63A10 /* Pods-CiCdTesting.release.xcconfig */ = {isa = PBXFileReference; includeInIndex = 1; lastKnownFileType = text.xcconfig; name = "Pods-CiCdTesting.release.xcconfig"; path = "Target Support Files/Pods-CiCdTesting/Pods-CiCdTesting.release.xcconfig"; sourceTree = "<group>"; };
		35CA094248A330A67773A43F /* Pods-CiCdTestingTests.release.xcconfig */ = {isa = PBXFileReference; includeInIndex = 1; lastKnownFileType = text.xcconfig; name = "Pods-CiCdTestingTests.release.xcconfig"; path = "Target Support Files/Pods-CiCdTestingTests/Pods-CiCdTestingTests.release.xcconfig"; sourceTree = "<group>"; };
		93B11094C0E987B2E741B6D1 /* Pods_CiCdTestingTests.framework */ = {isa = PBXFileReference; explicitFileType = wrapper.framework; includeInIndex = 0; path = Pods_CiCdTestingTests.framework; sourceTree = BUILT_PRODUCTS_DIR; };
		9D53B71E231F1DE105E7CE1E /* Pods-CiCdTestingTests.debug.xcconfig */ = {isa = PBXFileReference; includeInIndex = 1; lastKnownFileType = text.xcconfig; name = "Pods-CiCdTestingTests.debug.xcconfig"; path = "Target Support Files/Pods-CiCdTestingTests/Pods-CiCdTestingTests.debug.xcconfig"; sourceTree = "<group>"; };
		A0EC2EC0E8DFE68DC48648BA /* Pods-CiCdTesting-CiCdTestingUITests.release.xcconfig */ = {isa = PBXFileReference; includeInIndex = 1; lastKnownFileType = text.xcconfig; name = "Pods-CiCdTesting-CiCdTestingUITests.release.xcconfig"; path = "Target Support Files/Pods-CiCdTesting-CiCdTestingUITests/Pods-CiCdTesting-CiCdTestingUITests.release.xcconfig"; sourceTree = "<group>"; };
		CEC1D13E70CA00C33A0E41C1 /* Pods-CiCdTesting.debug.xcconfig */ = {isa = PBXFileReference; includeInIndex = 1; lastKnownFileType = text.xcconfig; name = "Pods-CiCdTesting.debug.xcconfig"; path = "Target Support Files/Pods-CiCdTesting/Pods-CiCdTesting.debug.xcconfig"; sourceTree = "<group>"; };
		D5CF3B042D1041720089E35E /* CiCdTesting.app */ = {isa = PBXFileReference; explicitFileType = wrapper.application; includeInIndex = 0; path = CiCdTesting.app; sourceTree = BUILT_PRODUCTS_DIR; };
		D5CF3B072D1041720089E35E /* CiCdTestingApp.swift */ = {isa = PBXFileReference; lastKnownFileType = sourcecode.swift; path = CiCdTestingApp.swift; sourceTree = "<group>"; };
		D5CF3B092D1041720089E35E /* ContentView.swift */ = {isa = PBXFileReference; lastKnownFileType = sourcecode.swift; path = ContentView.swift; sourceTree = "<group>"; };
		D5CF3B0B2D1041730089E35E /* Assets.xcassets */ = {isa = PBXFileReference; lastKnownFileType = folder.assetcatalog; path = Assets.xcassets; sourceTree = "<group>"; };
		D5CF3B0E2D1041730089E35E /* Preview Assets.xcassets */ = {isa = PBXFileReference; lastKnownFileType = folder.assetcatalog; path = "Preview Assets.xcassets"; sourceTree = "<group>"; };
		D5CF3B142D1041730089E35E /* CiCdTestingTests.xctest */ = {isa = PBXFileReference; explicitFileType = wrapper.cfbundle; includeInIndex = 0; path = CiCdTestingTests.xctest; sourceTree = BUILT_PRODUCTS_DIR; };
		D5CF3B182D1041730089E35E /* CiCdTestingTests.swift */ = {isa = PBXFileReference; lastKnownFileType = sourcecode.swift; path = CiCdTestingTests.swift; sourceTree = "<group>"; };
		D5CF3B1E2D1041730089E35E /* CiCdTestingUITests.xctest */ = {isa = PBXFileReference; explicitFileType = wrapper.cfbundle; includeInIndex = 0; path = CiCdTestingUITests.xctest; sourceTree = BUILT_PRODUCTS_DIR; };
		D5CF3B222D1041730089E35E /* CiCdTestingUITests.swift */ = {isa = PBXFileReference; lastKnownFileType = sourcecode.swift; path = CiCdTestingUITests.swift; sourceTree = "<group>"; };
		D5CF3B242D1041730089E35E /* CiCdTestingUITestsLaunchTests.swift */ = {isa = PBXFileReference; lastKnownFileType = sourcecode.swift; path = CiCdTestingUITestsLaunchTests.swift; sourceTree = "<group>"; };
		D5CF3B322D1042370089E35E /* Dev.xcconfig */ = {isa = PBXFileReference; lastKnownFileType = text.xcconfig; path = Dev.xcconfig; sourceTree = "<group>"; };
		D5CF3B362D10424D0089E35E /* Staging.xcconfig */ = {isa = PBXFileReference; lastKnownFileType = text.xcconfig; path = Staging.xcconfig; sourceTree = "<group>"; };
		D5CF3B372D1042610089E35E /* Prod.xcconfig */ = {isa = PBXFileReference; lastKnownFileType = text.xcconfig; path = Prod.xcconfig; sourceTree = "<group>"; };
		D5CF3B3E2D1042A90089E35E /* exportOptions.plist */ = {isa = PBXFileReference; lastKnownFileType = text.plist.xml; path = exportOptions.plist; sourceTree = "<group>"; };
		E0097AF9709E4748941C3AB7 /* Pods-CiCdTesting-CiCdTestingUITests.debug.xcconfig */ = {isa = PBXFileReference; includeInIndex = 1; lastKnownFileType = text.xcconfig; name = "Pods-CiCdTesting-CiCdTestingUITests.debug.xcconfig"; path = "Target Support Files/Pods-CiCdTesting-CiCdTestingUITests/Pods-CiCdTesting-CiCdTestingUITests.debug.xcconfig"; sourceTree = "<group>"; };
		E5021343D43F97751E59CCD9 /* Pods_CiCdTesting_CiCdTestingUITests.framework */ = {isa = PBXFileReference; explicitFileType = wrapper.framework; includeInIndex = 0; path = Pods_CiCdTesting_CiCdTestingUITests.framework; sourceTree = BUILT_PRODUCTS_DIR; };
/* End PBXFileReference section */

/* Begin PBXFrameworksBuildPhase section */
		D5CF3B012D1041720089E35E /* Frameworks */ = {
			isa = PBXFrameworksBuildPhase;
			buildActionMask = 2147483647;
			files = (
				31DF94DF2AD191ABD3DCECF3 /* Pods_CiCdTesting.framework in Frameworks */,
			);
			runOnlyForDeploymentPostprocessing = 0;
		};
		D5CF3B112D1041730089E35E /* Frameworks */ = {
			isa = PBXFrameworksBuildPhase;
			buildActionMask = 2147483647;
			files = (
				D750EFD384A94410D207FC49 /* Pods_CiCdTestingTests.framework in Frameworks */,
			);
			runOnlyForDeploymentPostprocessing = 0;
		};
		D5CF3B1B2D1041730089E35E /* Frameworks */ = {
			isa = PBXFrameworksBuildPhase;
			buildActionMask = 2147483647;
			files = (
				9ACEAA1FAB94305F37B98B07 /* Pods_CiCdTesting_CiCdTestingUITests.framework in Frameworks */,
			);
			runOnlyForDeploymentPostprocessing = 0;
		};
/* End PBXFrameworksBuildPhase section */

/* Begin PBXGroup section */
		2639EDE10697D731C53A79C8 /* Frameworks */ = {
			isa = PBXGroup;
			children = (
				29F5ECE9B5613BF9C0D89D80 /* Pods_CiCdTesting.framework */,
				E5021343D43F97751E59CCD9 /* Pods_CiCdTesting_CiCdTestingUITests.framework */,
				93B11094C0E987B2E741B6D1 /* Pods_CiCdTestingTests.framework */,
			);
			name = Frameworks;
			sourceTree = "<group>";
		};
		CDC1DD226E8C4D177634AA21 /* Pods */ = {
			isa = PBXGroup;
			children = (
				CEC1D13E70CA00C33A0E41C1 /* Pods-CiCdTesting.debug.xcconfig */,
				2D79290B873F3DE7F5F63A10 /* Pods-CiCdTesting.release.xcconfig */,
				E0097AF9709E4748941C3AB7 /* Pods-CiCdTesting-CiCdTestingUITests.debug.xcconfig */,
				A0EC2EC0E8DFE68DC48648BA /* Pods-CiCdTesting-CiCdTestingUITests.release.xcconfig */,
				9D53B71E231F1DE105E7CE1E /* Pods-CiCdTestingTests.debug.xcconfig */,
				35CA094248A330A67773A43F /* Pods-CiCdTestingTests.release.xcconfig */,
			);
			name = Pods;
			path = Pods;
			sourceTree = "<group>";
		};
		D5CF3AFB2D1041720089E35E = {
			isa = PBXGroup;
			children = (
				D5CF3B3E2D1042A90089E35E /* exportOptions.plist */,
				D5CF3B312D1041FE0089E35E /* Configuration */,
				D5CF3B062D1041720089E35E /* CiCdTesting */,
				D5CF3B172D1041730089E35E /* CiCdTestingTests */,
				D5CF3B212D1041730089E35E /* CiCdTestingUITests */,
				D5CF3B052D1041720089E35E /* Products */,
				CDC1DD226E8C4D177634AA21 /* Pods */,
				2639EDE10697D731C53A79C8 /* Frameworks */,
			);
			sourceTree = "<group>";
		};
		D5CF3B052D1041720089E35E /* Products */ = {
			isa = PBXGroup;
			children = (
				D5CF3B042D1041720089E35E /* CiCdTesting.app */,
				D5CF3B142D1041730089E35E /* CiCdTestingTests.xctest */,
				D5CF3B1E2D1041730089E35E /* CiCdTestingUITests.xctest */,
			);
			name = Products;
			sourceTree = "<group>";
		};
		D5CF3B062D1041720089E35E /* CiCdTesting */ = {
			isa = PBXGroup;
			children = (
				D5CF3B072D1041720089E35E /* CiCdTestingApp.swift */,
				D5CF3B092D1041720089E35E /* ContentView.swift */,
				D5CF3B0B2D1041730089E35E /* Assets.xcassets */,
				D5CF3B0D2D1041730089E35E /* Preview Content */,
			);
			path = CiCdTesting;
			sourceTree = "<group>";
		};
		D5CF3B0D2D1041730089E35E /* Preview Content */ = {
			isa = PBXGroup;
			children = (
				D5CF3B0E2D1041730089E35E /* Preview Assets.xcassets */,
			);
			path = "Preview Content";
			sourceTree = "<group>";
		};
		D5CF3B172D1041730089E35E /* CiCdTestingTests */ = {
			isa = PBXGroup;
			children = (
				D5CF3B182D1041730089E35E /* CiCdTestingTests.swift */,
			);
			path = CiCdTestingTests;
			sourceTree = "<group>";
		};
		D5CF3B212D1041730089E35E /* CiCdTestingUITests */ = {
			isa = PBXGroup;
			children = (
				D5CF3B222D1041730089E35E /* CiCdTestingUITests.swift */,
				D5CF3B242D1041730089E35E /* CiCdTestingUITestsLaunchTests.swift */,
			);
			path = CiCdTestingUITests;
			sourceTree = "<group>";
		};
		D5CF3B312D1041FE0089E35E /* Configuration */ = {
			isa = PBXGroup;
			children = (
				D5CF3B322D1042370089E35E /* Dev.xcconfig */,
				D5CF3B362D10424D0089E35E /* Staging.xcconfig */,
				D5CF3B372D1042610089E35E /* Prod.xcconfig */,
			);
			path = Configuration;
			sourceTree = "<group>";
		};
/* End PBXGroup section */

/* Begin PBXNativeTarget section */
		D5CF3B032D1041720089E35E /* CiCdTesting */ = {
			isa = PBXNativeTarget;
			buildConfigurationList = D5CF3B282D1041730089E35E /* Build configuration list for PBXNativeTarget "CiCdTesting" */;
			buildPhases = (
				5377231485E486E2F3D90615 /* [CP] Check Pods Manifest.lock */,
				D5CF3B002D1041720089E35E /* Sources */,
				D5CF3B012D1041720089E35E /* Frameworks */,
				D5CF3B022D1041720089E35E /* Resources */,
				B5E5CC2528F9C43740BFA535 /* [CP] Embed Pods Frameworks */,
			);
			buildRules = (
			);
			dependencies = (
			);
			name = CiCdTesting;
			productName = CiCdTesting;
			productReference = D5CF3B042D1041720089E35E /* CiCdTesting.app */;
			productType = "com.apple.product-type.application";
		};
		D5CF3B132D1041730089E35E /* CiCdTestingTests */ = {
			isa = PBXNativeTarget;
			buildConfigurationList = D5CF3B2B2D1041730089E35E /* Build configuration list for PBXNativeTarget "CiCdTestingTests" */;
			buildPhases = (
				3A9D8DB19B44F0AB2261C095 /* [CP] Check Pods Manifest.lock */,
				D5CF3B102D1041730089E35E /* Sources */,
				D5CF3B112D1041730089E35E /* Frameworks */,
				D5CF3B122D1041730089E35E /* Resources */,
			);
			buildRules = (
			);
			dependencies = (
				D5CF3B162D1041730089E35E /* PBXTargetDependency */,
			);
			name = CiCdTestingTests;
			productName = CiCdTestingTests;
			productReference = D5CF3B142D1041730089E35E /* CiCdTestingTests.xctest */;
			productType = "com.apple.product-type.bundle.unit-test";
		};
		D5CF3B1D2D1041730089E35E /* CiCdTestingUITests */ = {
			isa = PBXNativeTarget;
			buildConfigurationList = D5CF3B2E2D1041730089E35E /* Build configuration list for PBXNativeTarget "CiCdTestingUITests" */;
			buildPhases = (
				679730F3B478AF33D03F191E /* [CP] Check Pods Manifest.lock */,
				D5CF3B1A2D1041730089E35E /* Sources */,
				D5CF3B1B2D1041730089E35E /* Frameworks */,
				D5CF3B1C2D1041730089E35E /* Resources */,
				4AE52BDF64B26AB3E2B66A3A /* [CP] Embed Pods Frameworks */,
			);
			buildRules = (
			);
			dependencies = (
				D5CF3B202D1041730089E35E /* PBXTargetDependency */,
			);
			name = CiCdTestingUITests;
			productName = CiCdTestingUITests;
			productReference = D5CF3B1E2D1041730089E35E /* CiCdTestingUITests.xctest */;
			productType = "com.apple.product-type.bundle.ui-testing";
		};
/* End PBXNativeTarget section */

/* Begin PBXProject section */
		D5CF3AFC2D1041720089E35E /* Project object */ = {
			isa = PBXProject;
			attributes = {
				BuildIndependentTargetsInParallel = 1;
				LastSwiftUpdateCheck = 1530;
				LastUpgradeCheck = 1530;
				TargetAttributes = {
					D5CF3B032D1041720089E35E = {
						CreatedOnToolsVersion = 15.3;
					};
					D5CF3B132D1041730089E35E = {
						CreatedOnToolsVersion = 15.3;
						TestTargetID = D5CF3B032D1041720089E35E;
					};
					D5CF3B1D2D1041730089E35E = {
						CreatedOnToolsVersion = 15.3;
						TestTargetID = D5CF3B032D1041720089E35E;
					};
				};
			};
			buildConfigurationList = D5CF3AFF2D1041720089E35E /* Build configuration list for PBXProject "CiCdTesting" */;
			compatibilityVersion = "Xcode 14.0";
			developmentRegion = en;
			hasScannedForEncodings = 0;
			knownRegions = (
				en,
				Base,
			);
			mainGroup = D5CF3AFB2D1041720089E35E;
			productRefGroup = D5CF3B052D1041720089E35E /* Products */;
			projectDirPath = "";
			projectRoot = "";
			targets = (
				D5CF3B032D1041720089E35E /* CiCdTesting */,
				D5CF3B132D1041730089E35E /* CiCdTestingTests */,
				D5CF3B1D2D1041730089E35E /* CiCdTestingUITests */,
			);
		};
/* End PBXProject section */

/* Begin PBXResourcesBuildPhase section */
		D5CF3B022D1041720089E35E /* Resources */ = {
			isa = PBXResourcesBuildPhase;
			buildActionMask = 2147483647;
			files = (
				D5CF3B0F2D1041730089E35E /* Preview Assets.xcassets in Resources */,
				D5CF3B3F2D1042A90089E35E /* exportOptions.plist in Resources */,
				D5CF3B382D1042610089E35E /* Prod.xcconfig in Resources */,
				D5CF3B0C2D1041730089E35E /* Assets.xcassets in Resources */,
				D5CF3B3B2D10426F0089E35E /* Staging.xcconfig in Resources */,
				D5CF3B332D1042370089E35E /* Dev.xcconfig in Resources */,
			);
			runOnlyForDeploymentPostprocessing = 0;
		};
		D5CF3B122D1041730089E35E /* Resources */ = {
			isa = PBXResourcesBuildPhase;
			buildActionMask = 2147483647;
			files = (
				D5CF3B342D1042370089E35E /* Dev.xcconfig in Resources */,
				D5CF3B3C2D1042700089E35E /* Staging.xcconfig in Resources */,
				D5CF3B392D1042610089E35E /* Prod.xcconfig in Resources */,
				D5CF3B402D1042A90089E35E /* exportOptions.plist in Resources */,
			);
			runOnlyForDeploymentPostprocessing = 0;
		};
		D5CF3B1C2D1041730089E35E /* Resources */ = {
			isa = PBXResourcesBuildPhase;
			buildActionMask = 2147483647;
			files = (
				D5CF3B352D1042370089E35E /* Dev.xcconfig in Resources */,
				D5CF3B3D2D1042700089E35E /* Staging.xcconfig in Resources */,
				D5CF3B3A2D1042610089E35E /* Prod.xcconfig in Resources */,
				D5CF3B412D1042A90089E35E /* exportOptions.plist in Resources */,
			);
			runOnlyForDeploymentPostprocessing = 0;
		};
/* End PBXResourcesBuildPhase section */

/* Begin PBXShellScriptBuildPhase section */
		3A9D8DB19B44F0AB2261C095 /* [CP] Check Pods Manifest.lock */ = {
			isa = PBXShellScriptBuildPhase;
			buildActionMask = 2147483647;
			files = (
			);
			inputFileListPaths = (
			);
			inputPaths = (
				"${PODS_PODFILE_DIR_PATH}/Podfile.lock",
				"${PODS_ROOT}/Manifest.lock",
			);
			name = "[CP] Check Pods Manifest.lock";
			outputFileListPaths = (
			);
			outputPaths = (
				"$(DERIVED_FILE_DIR)/Pods-CiCdTestingTests-checkManifestLockResult.txt",
			);
			runOnlyForDeploymentPostprocessing = 0;
			shellPath = /bin/sh;
			shellScript = "diff \"${PODS_PODFILE_DIR_PATH}/Podfile.lock\" \"${PODS_ROOT}/Manifest.lock\" > /dev/null\nif [ $? != 0 ] ; then\n    # print error to STDERR\n    echo \"error: The sandbox is not in sync with the Podfile.lock. Run 'pod install' or update your CocoaPods installation.\" >&2\n    exit 1\nfi\n# This output is used by Xcode 'outputs' to avoid re-running this script phase.\necho \"SUCCESS\" > \"${SCRIPT_OUTPUT_FILE_0}\"\n";
			showEnvVarsInLog = 0;
		};
		4AE52BDF64B26AB3E2B66A3A /* [CP] Embed Pods Frameworks */ = {
			isa = PBXShellScriptBuildPhase;
			buildActionMask = 2147483647;
			files = (
			);
			inputFileListPaths = (
				"${PODS_ROOT}/Target Support Files/Pods-CiCdTesting-CiCdTestingUITests/Pods-CiCdTesting-CiCdTestingUITests-frameworks-${CONFIGURATION}-input-files.xcfilelist",
			);
			name = "[CP] Embed Pods Frameworks";
			outputFileListPaths = (
				"${PODS_ROOT}/Target Support Files/Pods-CiCdTesting-CiCdTestingUITests/Pods-CiCdTesting-CiCdTestingUITests-frameworks-${CONFIGURATION}-output-files.xcfilelist",
			);
			runOnlyForDeploymentPostprocessing = 0;
			shellPath = /bin/sh;
			shellScript = "\"${PODS_ROOT}/Target Support Files/Pods-CiCdTesting-CiCdTestingUITests/Pods-CiCdTesting-CiCdTestingUITests-frameworks.sh\"\n";
			showEnvVarsInLog = 0;
		};
		5377231485E486E2F3D90615 /* [CP] Check Pods Manifest.lock */ = {
			isa = PBXShellScriptBuildPhase;
			buildActionMask = 2147483647;
			files = (
			);
			inputFileListPaths = (
			);
			inputPaths = (
				"${PODS_PODFILE_DIR_PATH}/Podfile.lock",
				"${PODS_ROOT}/Manifest.lock",
			);
			name = "[CP] Check Pods Manifest.lock";
			outputFileListPaths = (
			);
			outputPaths = (
				"$(DERIVED_FILE_DIR)/Pods-CiCdTesting-checkManifestLockResult.txt",
			);
			runOnlyForDeploymentPostprocessing = 0;
			shellPath = /bin/sh;
			shellScript = "diff \"${PODS_PODFILE_DIR_PATH}/Podfile.lock\" \"${PODS_ROOT}/Manifest.lock\" > /dev/null\nif [ $? != 0 ] ; then\n    # print error to STDERR\n    echo \"error: The sandbox is not in sync with the Podfile.lock. Run 'pod install' or update your CocoaPods installation.\" >&2\n    exit 1\nfi\n# This output is used by Xcode 'outputs' to avoid re-running this script phase.\necho \"SUCCESS\" > \"${SCRIPT_OUTPUT_FILE_0}\"\n";
			showEnvVarsInLog = 0;
		};
		679730F3B478AF33D03F191E /* [CP] Check Pods Manifest.lock */ = {
			isa = PBXShellScriptBuildPhase;
			buildActionMask = 2147483647;
			files = (
			);
			inputFileListPaths = (
			);
			inputPaths = (
				"${PODS_PODFILE_DIR_PATH}/Podfile.lock",
				"${PODS_ROOT}/Manifest.lock",
			);
			name = "[CP] Check Pods Manifest.lock";
			outputFileListPaths = (
			);
			outputPaths = (
				"$(DERIVED_FILE_DIR)/Pods-CiCdTesting-CiCdTestingUITests-checkManifestLockResult.txt",
			);
			runOnlyForDeploymentPostprocessing = 0;
			shellPath = /bin/sh;
			shellScript = "diff \"${PODS_PODFILE_DIR_PATH}/Podfile.lock\" \"${PODS_ROOT}/Manifest.lock\" > /dev/null\nif [ $? != 0 ] ; then\n    # print error to STDERR\n    echo \"error: The sandbox is not in sync with the Podfile.lock. Run 'pod install' or update your CocoaPods installation.\" >&2\n    exit 1\nfi\n# This output is used by Xcode 'outputs' to avoid re-running this script phase.\necho \"SUCCESS\" > \"${SCRIPT_OUTPUT_FILE_0}\"\n";
			showEnvVarsInLog = 0;
		};
		B5E5CC2528F9C43740BFA535 /* [CP] Embed Pods Frameworks */ = {
			isa = PBXShellScriptBuildPhase;
			buildActionMask = 2147483647;
			files = (
			);
			inputFileListPaths = (
				"${PODS_ROOT}/Target Support Files/Pods-CiCdTesting/Pods-CiCdTesting-frameworks-${CONFIGURATION}-input-files.xcfilelist",
			);
			name = "[CP] Embed Pods Frameworks";
			outputFileListPaths = (
				"${PODS_ROOT}/Target Support Files/Pods-CiCdTesting/Pods-CiCdTesting-frameworks-${CONFIGURATION}-output-files.xcfilelist",
			);
			runOnlyForDeploymentPostprocessing = 0;
			shellPath = /bin/sh;
			shellScript = "\"${PODS_ROOT}/Target Support Files/Pods-CiCdTesting/Pods-CiCdTesting-frameworks.sh\"\n";
			showEnvVarsInLog = 0;
		};
/* End PBXShellScriptBuildPhase section */

/* Begin PBXSourcesBuildPhase section */
		D5CF3B002D1041720089E35E /* Sources */ = {
			isa = PBXSourcesBuildPhase;
			buildActionMask = 2147483647;
			files = (
				D5CF3B0A2D1041720089E35E /* ContentView.swift in Sources */,
				D5CF3B082D1041720089E35E /* CiCdTestingApp.swift in Sources */,
			);
			runOnlyForDeploymentPostprocessing = 0;
		};
		D5CF3B102D1041730089E35E /* Sources */ = {
			isa = PBXSourcesBuildPhase;
			buildActionMask = 2147483647;
			files = (
				D5CF3B192D1041730089E35E /* CiCdTestingTests.swift in Sources */,
			);
			runOnlyForDeploymentPostprocessing = 0;
		};
		D5CF3B1A2D1041730089E35E /* Sources */ = {
			isa = PBXSourcesBuildPhase;
			buildActionMask = 2147483647;
			files = (
				D5CF3B252D1041730089E35E /* CiCdTestingUITestsLaunchTests.swift in Sources */,
				D5CF3B232D1041730089E35E /* CiCdTestingUITests.swift in Sources */,
			);
			runOnlyForDeploymentPostprocessing = 0;
		};
/* End PBXSourcesBuildPhase section */

/* Begin PBXTargetDependency section */
		D5CF3B162D1041730089E35E /* PBXTargetDependency */ = {
			isa = PBXTargetDependency;
			target = D5CF3B032D1041720089E35E /* CiCdTesting */;
			targetProxy = D5CF3B152D1041730089E35E /* PBXContainerItemProxy */;
		};
		D5CF3B202D1041730089E35E /* PBXTargetDependency */ = {
			isa = PBXTargetDependency;
			target = D5CF3B032D1041720089E35E /* CiCdTesting */;
			targetProxy = D5CF3B1F2D1041730089E35E /* PBXContainerItemProxy */;
		};
/* End PBXTargetDependency section */

/* Begin XCBuildConfiguration section */
		D5CF3B262D1041730089E35E /* Debug */ = {
			isa = XCBuildConfiguration;
			buildSettings = {
				ALWAYS_SEARCH_USER_PATHS = NO;
				ASSETCATALOG_COMPILER_GENERATE_SWIFT_ASSET_SYMBOL_EXTENSIONS = YES;
				CLANG_ANALYZER_NONNULL = YES;
				CLANG_ANALYZER_NUMBER_OBJECT_CONVERSION = YES_AGGRESSIVE;
				CLANG_CXX_LANGUAGE_STANDARD = "gnu++20";
				CLANG_ENABLE_MODULES = YES;
				CLANG_ENABLE_OBJC_ARC = YES;
				CLANG_ENABLE_OBJC_WEAK = YES;
				CLANG_WARN_BLOCK_CAPTURE_AUTORELEASING = YES;
				CLANG_WARN_BOOL_CONVERSION = YES;
				CLANG_WARN_COMMA = YES;
				CLANG_WARN_CONSTANT_CONVERSION = YES;
				CLANG_WARN_DEPRECATED_OBJC_IMPLEMENTATIONS = YES;
				CLANG_WARN_DIRECT_OBJC_ISA_USAGE = YES_ERROR;
				CLANG_WARN_DOCUMENTATION_COMMENTS = YES;
				CLANG_WARN_EMPTY_BODY = YES;
				CLANG_WARN_ENUM_CONVERSION = YES;
				CLANG_WARN_INFINITE_RECURSION = YES;
				CLANG_WARN_INT_CONVERSION = YES;
				CLANG_WARN_NON_LITERAL_NULL_CONVERSION = YES;
				CLANG_WARN_OBJC_IMPLICIT_RETAIN_SELF = YES;
				CLANG_WARN_OBJC_LITERAL_CONVERSION = YES;
				CLANG_WARN_OBJC_ROOT_CLASS = YES_ERROR;
				CLANG_WARN_QUOTED_INCLUDE_IN_FRAMEWORK_HEADER = YES;
				CLANG_WARN_RANGE_LOOP_ANALYSIS = YES;
				CLANG_WARN_STRICT_PROTOTYPES = YES;
				CLANG_WARN_SUSPICIOUS_MOVE = YES;
				CLANG_WARN_UNGUARDED_AVAILABILITY = YES_AGGRESSIVE;
				CLANG_WARN_UNREACHABLE_CODE = YES;
				CLANG_WARN__DUPLICATE_METHOD_MATCH = YES;
				COPY_PHASE_STRIP = NO;
				DEBUG_INFORMATION_FORMAT = dwarf;
				ENABLE_STRICT_OBJC_MSGSEND = YES;
				ENABLE_TESTABILITY = YES;
				ENABLE_USER_SCRIPT_SANDBOXING = YES;
				GCC_C_LANGUAGE_STANDARD = gnu17;
				GCC_DYNAMIC_NO_PIC = NO;
				GCC_NO_COMMON_BLOCKS = YES;
				GCC_OPTIMIZATION_LEVEL = 0;
				GCC_PREPROCESSOR_DEFINITIONS = (
					"DEBUG=1",
					"$(inherited)",
				);
				GCC_WARN_64_TO_32_BIT_CONVERSION = YES;
				GCC_WARN_ABOUT_RETURN_TYPE = YES_ERROR;
				GCC_WARN_UNDECLARED_SELECTOR = YES;
				GCC_WARN_UNINITIALIZED_AUTOS = YES_AGGRESSIVE;
				GCC_WARN_UNUSED_FUNCTION = YES;
				GCC_WARN_UNUSED_VARIABLE = YES;
				IPHONEOS_DEPLOYMENT_TARGET = 17.4;
				LOCALIZATION_PREFERS_STRING_CATALOGS = YES;
				MTL_ENABLE_DEBUG_INFO = INCLUDE_SOURCE;
				MTL_FAST_MATH = YES;
				ONLY_ACTIVE_ARCH = YES;
				SDKROOT = iphoneos;
				SWIFT_ACTIVE_COMPILATION_CONDITIONS = "DEBUG $(inherited)";
				SWIFT_OPTIMIZATION_LEVEL = "-Onone";
			};
			name = Debug;
		};
		D5CF3B272D1041730089E35E /* Release */ = {
			isa = XCBuildConfiguration;
			buildSettings = {
				ALWAYS_SEARCH_USER_PATHS = NO;
				ASSETCATALOG_COMPILER_GENERATE_SWIFT_ASSET_SYMBOL_EXTENSIONS = YES;
				CLANG_ANALYZER_NONNULL = YES;
				CLANG_ANALYZER_NUMBER_OBJECT_CONVERSION = YES_AGGRESSIVE;
				CLANG_CXX_LANGUAGE_STANDARD = "gnu++20";
				CLANG_ENABLE_MODULES = YES;
				CLANG_ENABLE_OBJC_ARC = YES;
				CLANG_ENABLE_OBJC_WEAK = YES;
				CLANG_WARN_BLOCK_CAPTURE_AUTORELEASING = YES;
				CLANG_WARN_BOOL_CONVERSION = YES;
				CLANG_WARN_COMMA = YES;
				CLANG_WARN_CONSTANT_CONVERSION = YES;
				CLANG_WARN_DEPRECATED_OBJC_IMPLEMENTATIONS = YES;
				CLANG_WARN_DIRECT_OBJC_ISA_USAGE = YES_ERROR;
				CLANG_WARN_DOCUMENTATION_COMMENTS = YES;
				CLANG_WARN_EMPTY_BODY = YES;
				CLANG_WARN_ENUM_CONVERSION = YES;
				CLANG_WARN_INFINITE_RECURSION = YES;
				CLANG_WARN_INT_CONVERSION = YES;
				CLANG_WARN_NON_LITERAL_NULL_CONVERSION = YES;
				CLANG_WARN_OBJC_IMPLICIT_RETAIN_SELF = YES;
				CLANG_WARN_OBJC_LITERAL_CONVERSION = YES;
				CLANG_WARN_OBJC_ROOT_CLASS = YES_ERROR;
				CLANG_WARN_QUOTED_INCLUDE_IN_FRAMEWORK_HEADER = YES;
				CLANG_WARN_RANGE_LOOP_ANALYSIS = YES;
				CLANG_WARN_STRICT_PROTOTYPES = YES;
				CLANG_WARN_SUSPICIOUS_MOVE = YES;
				CLANG_WARN_UNGUARDED_AVAILABILITY = YES_AGGRESSIVE;
				CLANG_WARN_UNREACHABLE_CODE = YES;
				CLANG_WARN__DUPLICATE_METHOD_MATCH = YES;
				COPY_PHASE_STRIP = NO;
				DEBUG_INFORMATION_FORMAT = "dwarf-with-dsym";
				ENABLE_NS_ASSERTIONS = NO;
				ENABLE_STRICT_OBJC_MSGSEND = YES;
				ENABLE_USER_SCRIPT_SANDBOXING = YES;
				GCC_C_LANGUAGE_STANDARD = gnu17;
				GCC_NO_COMMON_BLOCKS = YES;
				GCC_WARN_64_TO_32_BIT_CONVERSION = YES;
				GCC_WARN_ABOUT_RETURN_TYPE = YES_ERROR;
				GCC_WARN_UNDECLARED_SELECTOR = YES;
				GCC_WARN_UNINITIALIZED_AUTOS = YES_AGGRESSIVE;
				GCC_WARN_UNUSED_FUNCTION = YES;
				GCC_WARN_UNUSED_VARIABLE = YES;
				IPHONEOS_DEPLOYMENT_TARGET = 17.4;
				LOCALIZATION_PREFERS_STRING_CATALOGS = YES;
				MTL_ENABLE_DEBUG_INFO = NO;
				MTL_FAST_MATH = YES;
				SDKROOT = iphoneos;
				SWIFT_COMPILATION_MODE = wholemodule;
				VALIDATE_PRODUCT = YES;
			};
			name = Release;
		};
		D5CF3B292D1041730089E35E /* Debug */ = {
			isa = XCBuildConfiguration;
			baseConfigurationReference = CEC1D13E70CA00C33A0E41C1 /* Pods-CiCdTesting.debug.xcconfig */;
			buildSettings = {
				ASSETCATALOG_COMPILER_APPICON_NAME = AppIcon;
				ASSETCATALOG_COMPILER_GLOBAL_ACCENT_COLOR_NAME = AccentColor;
				"CODE_SIGN_IDENTITY[sdk=iphoneos*]" = "iPhone Distribution";
				CODE_SIGN_STYLE = Manual;
				CURRENT_PROJECT_VERSION = 1;
				DEVELOPMENT_ASSET_PATHS = "\"CiCdTesting/Preview Content\"";
				DEVELOPMENT_TEAM = "";
				"DEVELOPMENT_TEAM[sdk=iphoneos*]" = 5QQR76XAUZ;
				ENABLE_PREVIEWS = YES;
				GENERATE_INFOPLIST_FILE = YES;
				INFOPLIST_KEY_UIApplicationSceneManifest_Generation = YES;
				INFOPLIST_KEY_UIApplicationSupportsIndirectInputEvents = YES;
				INFOPLIST_KEY_UILaunchScreen_Generation = YES;
				INFOPLIST_KEY_UISupportedInterfaceOrientations_iPad = "UIInterfaceOrientationPortrait UIInterfaceOrientationPortraitUpsideDown UIInterfaceOrientationLandscapeLeft UIInterfaceOrientationLandscapeRight";
				INFOPLIST_KEY_UISupportedInterfaceOrientations_iPhone = "UIInterfaceOrientationPortrait UIInterfaceOrientationLandscapeLeft UIInterfaceOrientationLandscapeRight";
				LD_RUNPATH_SEARCH_PATHS = (
					"$(inherited)",
					"@executable_path/Frameworks",
				);
				MARKETING_VERSION = 1.0;
				PRODUCT_BUNDLE_IDENTIFIER = com.ciCdTestingZesium.app;
				PRODUCT_NAME = "$(TARGET_NAME)";
				PROVISIONING_PROFILE_SPECIFIER = "";
				"PROVISIONING_PROFILE_SPECIFIER[sdk=iphoneos*]" = CiCdTestingProfile;
				SWIFT_EMIT_LOC_STRINGS = YES;
				SWIFT_VERSION = 5.0;
				TARGETED_DEVICE_FAMILY = "1,2";
			};
			name = Debug;
		};
		D5CF3B2A2D1041730089E35E /* Release */ = {
			isa = XCBuildConfiguration;
			baseConfigurationReference = 2D79290B873F3DE7F5F63A10 /* Pods-CiCdTesting.release.xcconfig */;
			buildSettings = {
				ASSETCATALOG_COMPILER_APPICON_NAME = AppIcon;
				ASSETCATALOG_COMPILER_GLOBAL_ACCENT_COLOR_NAME = AccentColor;
				"CODE_SIGN_IDENTITY[sdk=iphoneos*]" = "iPhone Distribution";
				CODE_SIGN_STYLE = Manual;
				CURRENT_PROJECT_VERSION = 1;
				DEVELOPMENT_ASSET_PATHS = "\"CiCdTesting/Preview Content\"";
				DEVELOPMENT_TEAM = "";
				"DEVELOPMENT_TEAM[sdk=iphoneos*]" = 5QQR76XAUZ;
				ENABLE_PREVIEWS = YES;
				GENERATE_INFOPLIST_FILE = YES;
				INFOPLIST_KEY_UIApplicationSceneManifest_Generation = YES;
				INFOPLIST_KEY_UIApplicationSupportsIndirectInputEvents = YES;
				INFOPLIST_KEY_UILaunchScreen_Generation = YES;
				INFOPLIST_KEY_UISupportedInterfaceOrientations_iPad = "UIInterfaceOrientationPortrait UIInterfaceOrientationPortraitUpsideDown UIInterfaceOrientationLandscapeLeft UIInterfaceOrientationLandscapeRight";
				INFOPLIST_KEY_UISupportedInterfaceOrientations_iPhone = "UIInterfaceOrientationPortrait UIInterfaceOrientationLandscapeLeft UIInterfaceOrientationLandscapeRight";
				LD_RUNPATH_SEARCH_PATHS = (
					"$(inherited)",
					"@executable_path/Frameworks",
				);
				MARKETING_VERSION = 1.0;
				PRODUCT_BUNDLE_IDENTIFIER = com.ciCdTestingZesium.app;
				PRODUCT_NAME = "$(TARGET_NAME)";
				PROVISIONING_PROFILE_SPECIFIER = "";
				"PROVISIONING_PROFILE_SPECIFIER[sdk=iphoneos*]" = CiCdTestingProfile;
				SWIFT_EMIT_LOC_STRINGS = YES;
				SWIFT_VERSION = 5.0;
				TARGETED_DEVICE_FAMILY = "1,2";
			};
			name = Release;
		};
		D5CF3B2C2D1041730089E35E /* Debug */ = {
			isa = XCBuildConfiguration;
			baseConfigurationReference = 9D53B71E231F1DE105E7CE1E /* Pods-CiCdTestingTests.debug.xcconfig */;
			buildSettings = {
				ALWAYS_EMBED_SWIFT_STANDARD_LIBRARIES = YES;
				BUNDLE_LOADER = "$(TEST_HOST)";
				"CODE_SIGN_IDENTITY[sdk=iphoneos*]" = "Apple Development";
				CODE_SIGN_STYLE = Manual;
				CURRENT_PROJECT_VERSION = 1;
				DEVELOPMENT_TEAM = "";
				GENERATE_INFOPLIST_FILE = YES;
				IPHONEOS_DEPLOYMENT_TARGET = 17.4;
				MARKETING_VERSION = 1.0;
				PRODUCT_BUNDLE_IDENTIFIER = com.ciCdTestingZesium.appTests;
				PRODUCT_NAME = "$(TARGET_NAME)";
				PROVISIONING_PROFILE_SPECIFIER = "";
				SWIFT_EMIT_LOC_STRINGS = NO;
				SWIFT_VERSION = 5.0;
				TARGETED_DEVICE_FAMILY = "1,2";
				TEST_HOST = "$(BUILT_PRODUCTS_DIR)/CiCdTesting.app/$(BUNDLE_EXECUTABLE_FOLDER_PATH)/CiCdTesting";
			};
			name = Debug;
		};
		D5CF3B2D2D1041730089E35E /* Release */ = {
			isa = XCBuildConfiguration;
			baseConfigurationReference = 35CA094248A330A67773A43F /* Pods-CiCdTestingTests.release.xcconfig */;
			buildSettings = {
				ALWAYS_EMBED_SWIFT_STANDARD_LIBRARIES = YES;
				BUNDLE_LOADER = "$(TEST_HOST)";
				"CODE_SIGN_IDENTITY[sdk=iphoneos*]" = "Apple Development";
				CODE_SIGN_STYLE = Manual;
				CURRENT_PROJECT_VERSION = 1;
				DEVELOPMENT_TEAM = "";
				GENERATE_INFOPLIST_FILE = YES;
				IPHONEOS_DEPLOYMENT_TARGET = 17.4;
				MARKETING_VERSION = 1.0;
				PRODUCT_BUNDLE_IDENTIFIER = com.ciCdTestingZesium.appTests;
				PRODUCT_NAME = "$(TARGET_NAME)";
				PROVISIONING_PROFILE_SPECIFIER = "";
				SWIFT_EMIT_LOC_STRINGS = NO;
				SWIFT_VERSION = 5.0;
				TARGETED_DEVICE_FAMILY = "1,2";
				TEST_HOST = "$(BUILT_PRODUCTS_DIR)/CiCdTesting.app/$(BUNDLE_EXECUTABLE_FOLDER_PATH)/CiCdTesting";
			};
			name = Release;
		};
		D5CF3B2F2D1041730089E35E /* Debug */ = {
			isa = XCBuildConfiguration;
			baseConfigurationReference = E0097AF9709E4748941C3AB7 /* Pods-CiCdTesting-CiCdTestingUITests.debug.xcconfig */;
			buildSettings = {
				ALWAYS_EMBED_SWIFT_STANDARD_LIBRARIES = YES;
				CODE_SIGN_STYLE = Manual;
				CURRENT_PROJECT_VERSION = 1;
				DEVELOPMENT_TEAM = "";
				GENERATE_INFOPLIST_FILE = YES;
				MARKETING_VERSION = 1.0;
				PRODUCT_BUNDLE_IDENTIFIER = com.ciCdTestingZesium.appTests;
				PRODUCT_NAME = "$(TARGET_NAME)";
				PROVISIONING_PROFILE_SPECIFIER = "";
				SWIFT_EMIT_LOC_STRINGS = NO;
				SWIFT_VERSION = 5.0;
				TARGETED_DEVICE_FAMILY = "1,2";
				TEST_TARGET_NAME = CiCdTesting;
			};
			name = Debug;
		};
		D5CF3B302D1041730089E35E /* Release */ = {
			isa = XCBuildConfiguration;
			baseConfigurationReference = A0EC2EC0E8DFE68DC48648BA /* Pods-CiCdTesting-CiCdTestingUITests.release.xcconfig */;
			buildSettings = {
				ALWAYS_EMBED_SWIFT_STANDARD_LIBRARIES = YES;
				CODE_SIGN_STYLE = Manual;
				CURRENT_PROJECT_VERSION = 1;
				DEVELOPMENT_TEAM = "";
				GENERATE_INFOPLIST_FILE = YES;
				MARKETING_VERSION = 1.0;
				PRODUCT_BUNDLE_IDENTIFIER = com.ciCdTestingZesium.appTests;
				PRODUCT_NAME = "$(TARGET_NAME)";
				PROVISIONING_PROFILE_SPECIFIER = "";
				SWIFT_EMIT_LOC_STRINGS = NO;
				SWIFT_VERSION = 5.0;
				TARGETED_DEVICE_FAMILY = "1,2";
				TEST_TARGET_NAME = CiCdTesting;
			};
			name = Release;
		};
/* End XCBuildConfiguration section */

/* Begin XCConfigurationList section */
		D5CF3AFF2D1041720089E35E /* Build configuration list for PBXProject "CiCdTesting" */ = {
			isa = XCConfigurationList;
			buildConfigurations = (
				D5CF3B262D1041730089E35E /* Debug */,
				D5CF3B272D1041730089E35E /* Release */,
			);
			defaultConfigurationIsVisible = 0;
			defaultConfigurationName = Release;
		};
		D5CF3B282D1041730089E35E /* Build configuration list for PBXNativeTarget "CiCdTesting" */ = {
			isa = XCConfigurationList;
			buildConfigurations = (
				D5CF3B292D1041730089E35E /* Debug */,
				D5CF3B2A2D1041730089E35E /* Release */,
			);
			defaultConfigurationIsVisible = 0;
			defaultConfigurationName = Release;
		};
		D5CF3B2B2D1041730089E35E /* Build configuration list for PBXNativeTarget "CiCdTestingTests" */ = {
			isa = XCConfigurationList;
			buildConfigurations = (
				D5CF3B2C2D1041730089E35E /* Debug */,
				D5CF3B2D2D1041730089E35E /* Release */,
			);
			defaultConfigurationIsVisible = 0;
			defaultConfigurationName = Release;
		};
		D5CF3B2E2D1041730089E35E /* Build configuration list for PBXNativeTarget "CiCdTestingUITests" */ = {
			isa = XCConfigurationList;
			buildConfigurations = (
				D5CF3B2F2D1041730089E35E /* Debug */,
				D5CF3B302D1041730089E35E /* Release */,
			);
			defaultConfigurationIsVisible = 0;
			defaultConfigurationName = Release;
		};
/* End XCConfigurationList section */
	};
	rootObject = D5CF3AFC2D1041720089E35E /* Project object */;
}
